// !$*UTF8*$!
{
	archiveVersion = 1;
	classes = {
	};
	objectVersion = 56;
	objects = {

/* Begin PBXBuildFile section */
		4410124A2BAB3D4700DF28EA /* SixTaskController.swift in Sources */ = {isa = PBXBuildFile; fileRef = 441012492BAB3D4600DF28EA /* SixTaskController.swift */; };
		441012512BAB4D1300DF28EA /* EightTaskController.swift in Sources */ = {isa = PBXBuildFile; fileRef = 441012502BAB4D1300DF28EA /* EightTaskController.swift */; };
		4426792D2BAC8447005E72B2 /* Day3task1Controller.swift in Sources */ = {isa = PBXBuildFile; fileRef = 4426792C2BAC8447005E72B2 /* Day3task1Controller.swift */; };
		44CF48852BAC887400285FB3 /* Day3task2Controller.swift in Sources */ = {isa = PBXBuildFile; fileRef = 44CF48842BAC887400285FB3 /* Day3task2Controller.swift */; };
		44CFD8542BA9E96600F5CCAD /* ThridTaskController.swift in Sources */ = {isa = PBXBuildFile; fileRef = 44CFD8532BA9E96600F5CCAD /* ThridTaskController.swift */; };
		44CFD8562BA9F00B00F5CCAD /* FourthTaskController.swift in Sources */ = {isa = PBXBuildFile; fileRef = 44CFD8552BA9F00B00F5CCAD /* FourthTaskController.swift */; };
		44CFD8582BAAA84C00F5CCAD /* FifthTaskController.swift in Sources */ = {isa = PBXBuildFile; fileRef = 44CFD8572BAAA84C00F5CCAD /* FifthTaskController.swift */; };
		44DFD5E92BA8BD6B00E38421 /* AppDelegate.swift in Sources */ = {isa = PBXBuildFile; fileRef = 44DFD5E82BA8BD6B00E38421 /* AppDelegate.swift */; };
		44DFD5EB2BA8BD6B00E38421 /* SceneDelegate.swift in Sources */ = {isa = PBXBuildFile; fileRef = 44DFD5EA2BA8BD6B00E38421 /* SceneDelegate.swift */; };
		44DFD5ED2BA8BD6B00E38421 /* firstTaskController.swift in Sources */ = {isa = PBXBuildFile; fileRef = 44DFD5EC2BA8BD6B00E38421 /* firstTaskController.swift */; };
		44DFD5F22BA8BD6C00E38421 /* Assets.xcassets in Resources */ = {isa = PBXBuildFile; fileRef = 44DFD5F12BA8BD6C00E38421 /* Assets.xcassets */; };
		44DFD5F52BA8BD6C00E38421 /* Base in Resources */ = {isa = PBXBuildFile; fileRef = 44DFD5F42BA8BD6C00E38421 /* Base */; };
		44DFD5FD2BA950B700E38421 /* SecondTaskController.swift in Sources */ = {isa = PBXBuildFile; fileRef = 44DFD5FC2BA950B700E38421 /* SecondTaskController.swift */; };
		44F4D8992BAEE47E00F233AF /* Day3task3ViewController.swift in Sources */ = {isa = PBXBuildFile; fileRef = 44F4D8982BAEE47E00F233AF /* Day3task3ViewController.swift */; };
		44F4D89B2BAEE75C00F233AF /* Day3task4ViewController.swift in Sources */ = {isa = PBXBuildFile; fileRef = 44F4D89A2BAEE75C00F233AF /* Day3task4ViewController.swift */; };
		44F4D89D2BAEE88C00F233AF /* Day3task5ViewController.swift in Sources */ = {isa = PBXBuildFile; fileRef = 44F4D89C2BAEE88C00F233AF /* Day3task5ViewController.swift */; };
		44F4D89F2BAEE97300F233AF /* Day4task1ViewController.swift in Sources */ = {isa = PBXBuildFile; fileRef = 44F4D89E2BAEE97300F233AF /* Day4task1ViewController.swift */; };
		44F4D8A12BAEEA0B00F233AF /* Day4task2ViewController.swift in Sources */ = {isa = PBXBuildFile; fileRef = 44F4D8A02BAEEA0B00F233AF /* Day4task2ViewController.swift */; };
		44F4D8A32BAEEC8A00F233AF /* Day4task3ViewController.swift in Sources */ = {isa = PBXBuildFile; fileRef = 44F4D8A22BAEEC8A00F233AF /* Day4task3ViewController.swift */; };
		44F4D8A52BAEEDEB00F233AF /* Day4task4ViewController.swift in Sources */ = {isa = PBXBuildFile; fileRef = 44F4D8A42BAEEDEB00F233AF /* Day4task4ViewController.swift */; };
/* End PBXBuildFile section */

/* Begin PBXFileReference section */
		441012492BAB3D4600DF28EA /* SixTaskController.swift */ = {isa = PBXFileReference; lastKnownFileType = sourcecode.swift; path = SixTaskController.swift; sourceTree = "<group>"; };
		4410124D2BAB3E1600DF28EA /* SevenTask.playground */ = {isa = PBXFileReference; lastKnownFileType = file.playground; path = SevenTask.playground; sourceTree = "<group>"; xcLanguageSpecificationIdentifier = xcode.lang.swift; };
		441012502BAB4D1300DF28EA /* EightTaskController.swift */ = {isa = PBXFileReference; lastKnownFileType = sourcecode.swift; path = EightTaskController.swift; sourceTree = "<group>"; };
		4426792C2BAC8447005E72B2 /* Day3task1Controller.swift */ = {isa = PBXFileReference; lastKnownFileType = sourcecode.swift; path = Day3task1Controller.swift; sourceTree = "<group>"; };
		44CF48842BAC887400285FB3 /* Day3task2Controller.swift */ = {isa = PBXFileReference; lastKnownFileType = sourcecode.swift; path = Day3task2Controller.swift; sourceTree = "<group>"; };
		44CFD8532BA9E96600F5CCAD /* ThridTaskController.swift */ = {isa = PBXFileReference; lastKnownFileType = sourcecode.swift; path = ThridTaskController.swift; sourceTree = "<group>"; };
		44CFD8552BA9F00B00F5CCAD /* FourthTaskController.swift */ = {isa = PBXFileReference; lastKnownFileType = sourcecode.swift; path = FourthTaskController.swift; sourceTree = "<group>"; };
		44CFD8572BAAA84C00F5CCAD /* FifthTaskController.swift */ = {isa = PBXFileReference; lastKnownFileType = sourcecode.swift; path = FifthTaskController.swift; sourceTree = "<group>"; };
		44DFD5E52BA8BD6B00E38421 /* Multithreading.app */ = {isa = PBXFileReference; explicitFileType = wrapper.application; includeInIndex = 0; path = Multithreading.app; sourceTree = BUILT_PRODUCTS_DIR; };
		44DFD5E82BA8BD6B00E38421 /* AppDelegate.swift */ = {isa = PBXFileReference; lastKnownFileType = sourcecode.swift; path = AppDelegate.swift; sourceTree = "<group>"; };
		44DFD5EA2BA8BD6B00E38421 /* SceneDelegate.swift */ = {isa = PBXFileReference; lastKnownFileType = sourcecode.swift; path = SceneDelegate.swift; sourceTree = "<group>"; };
		44DFD5EC2BA8BD6B00E38421 /* firstTaskController.swift */ = {isa = PBXFileReference; lastKnownFileType = sourcecode.swift; path = firstTaskController.swift; sourceTree = "<group>"; };
		44DFD5F12BA8BD6C00E38421 /* Assets.xcassets */ = {isa = PBXFileReference; lastKnownFileType = folder.assetcatalog; path = Assets.xcassets; sourceTree = "<group>"; };
		44DFD5F42BA8BD6C00E38421 /* Base */ = {isa = PBXFileReference; lastKnownFileType = file.storyboard; name = Base; path = Base.lproj/LaunchScreen.storyboard; sourceTree = "<group>"; };
		44DFD5F62BA8BD6C00E38421 /* Info.plist */ = {isa = PBXFileReference; lastKnownFileType = text.plist.xml; path = Info.plist; sourceTree = "<group>"; };
		44DFD5FC2BA950B700E38421 /* SecondTaskController.swift */ = {isa = PBXFileReference; lastKnownFileType = sourcecode.swift; path = SecondTaskController.swift; sourceTree = "<group>"; };
		44F4D8982BAEE47E00F233AF /* Day3task3ViewController.swift */ = {isa = PBXFileReference; lastKnownFileType = sourcecode.swift; path = Day3task3ViewController.swift; sourceTree = "<group>"; };
		44F4D89A2BAEE75C00F233AF /* Day3task4ViewController.swift */ = {isa = PBXFileReference; lastKnownFileType = sourcecode.swift; path = Day3task4ViewController.swift; sourceTree = "<group>"; };
		44F4D89C2BAEE88C00F233AF /* Day3task5ViewController.swift */ = {isa = PBXFileReference; lastKnownFileType = sourcecode.swift; path = Day3task5ViewController.swift; sourceTree = "<group>"; };
		44F4D89E2BAEE97300F233AF /* Day4task1ViewController.swift */ = {isa = PBXFileReference; lastKnownFileType = sourcecode.swift; path = Day4task1ViewController.swift; sourceTree = "<group>"; };
		44F4D8A02BAEEA0B00F233AF /* Day4task2ViewController.swift */ = {isa = PBXFileReference; lastKnownFileType = sourcecode.swift; path = Day4task2ViewController.swift; sourceTree = "<group>"; };
		44F4D8A22BAEEC8A00F233AF /* Day4task3ViewController.swift */ = {isa = PBXFileReference; lastKnownFileType = sourcecode.swift; path = Day4task3ViewController.swift; sourceTree = "<group>"; };
		44F4D8A42BAEEDEB00F233AF /* Day4task4ViewController.swift */ = {isa = PBXFileReference; lastKnownFileType = sourcecode.swift; path = Day4task4ViewController.swift; sourceTree = "<group>"; };
/* End PBXFileReference section */

/* Begin PBXFrameworksBuildPhase section */
		44DFD5E22BA8BD6B00E38421 /* Frameworks */ = {
			isa = PBXFrameworksBuildPhase;
			buildActionMask = 2147483647;
			files = (
			);
			runOnlyForDeploymentPostprocessing = 0;
		};
/* End PBXFrameworksBuildPhase section */

/* Begin PBXGroup section */
		44DFD5DC2BA8BD6B00E38421 = {
			isa = PBXGroup;
			children = (
				44DFD5E72BA8BD6B00E38421 /* Multithreading */,
				44DFD5E62BA8BD6B00E38421 /* Products */,
			);
			sourceTree = "<group>";
		};
		44DFD5E62BA8BD6B00E38421 /* Products */ = {
			isa = PBXGroup;
			children = (
				44DFD5E52BA8BD6B00E38421 /* Multithreading.app */,
			);
			name = Products;
			sourceTree = "<group>";
		};
		44DFD5E72BA8BD6B00E38421 /* Multithreading */ = {
			isa = PBXGroup;
			children = (
				44F4D89E2BAEE97300F233AF /* Day4task1ViewController.swift */,
				44DFD5E82BA8BD6B00E38421 /* AppDelegate.swift */,
				44DFD5EA2BA8BD6B00E38421 /* SceneDelegate.swift */,
				44DFD5EC2BA8BD6B00E38421 /* firstTaskController.swift */,
				44DFD5F12BA8BD6C00E38421 /* Assets.xcassets */,
				44DFD5F32BA8BD6C00E38421 /* LaunchScreen.storyboard */,
				44DFD5F62BA8BD6C00E38421 /* Info.plist */,
				44DFD5FC2BA950B700E38421 /* SecondTaskController.swift */,
				44CFD8532BA9E96600F5CCAD /* ThridTaskController.swift */,
				44CFD8552BA9F00B00F5CCAD /* FourthTaskController.swift */,
				44CFD8572BAAA84C00F5CCAD /* FifthTaskController.swift */,
				441012492BAB3D4600DF28EA /* SixTaskController.swift */,
				4410124D2BAB3E1600DF28EA /* SevenTask.playground */,
				441012502BAB4D1300DF28EA /* EightTaskController.swift */,
				4426792C2BAC8447005E72B2 /* Day3task1Controller.swift */,
				44CF48842BAC887400285FB3 /* Day3task2Controller.swift */,
				44F4D8982BAEE47E00F233AF /* Day3task3ViewController.swift */,
				44F4D89A2BAEE75C00F233AF /* Day3task4ViewController.swift */,
				44F4D89C2BAEE88C00F233AF /* Day3task5ViewController.swift */,
				44F4D8A02BAEEA0B00F233AF /* Day4task2ViewController.swift */,
				44F4D8A22BAEEC8A00F233AF /* Day4task3ViewController.swift */,
				44F4D8A42BAEEDEB00F233AF /* Day4task4ViewController.swift */,
			);
			path = Multithreading;
			sourceTree = "<group>";
		};
/* End PBXGroup section */

/* Begin PBXNativeTarget section */
		44DFD5E42BA8BD6B00E38421 /* Multithreading */ = {
			isa = PBXNativeTarget;
			buildConfigurationList = 44DFD5F92BA8BD6C00E38421 /* Build configuration list for PBXNativeTarget "Multithreading" */;
			buildPhases = (
				44DFD5E12BA8BD6B00E38421 /* Sources */,
				44DFD5E22BA8BD6B00E38421 /* Frameworks */,
				44DFD5E32BA8BD6B00E38421 /* Resources */,
			);
			buildRules = (
			);
			dependencies = (
			);
			name = Multithreading;
			productName = Multithreading;
			productReference = 44DFD5E52BA8BD6B00E38421 /* Multithreading.app */;
			productType = "com.apple.product-type.application";
		};
/* End PBXNativeTarget section */

/* Begin PBXProject section */
		44DFD5DD2BA8BD6B00E38421 /* Project object */ = {
			isa = PBXProject;
			attributes = {
				BuildIndependentTargetsInParallel = 1;
				LastSwiftUpdateCheck = 1530;
				LastUpgradeCheck = 1530;
				TargetAttributes = {
					44DFD5E42BA8BD6B00E38421 = {
						CreatedOnToolsVersion = 15.3;
					};
				};
			};
			buildConfigurationList = 44DFD5E02BA8BD6B00E38421 /* Build configuration list for PBXProject "Multithreading" */;
			compatibilityVersion = "Xcode 14.0";
			developmentRegion = en;
			hasScannedForEncodings = 0;
			knownRegions = (
				en,
				Base,
			);
			mainGroup = 44DFD5DC2BA8BD6B00E38421;
			productRefGroup = 44DFD5E62BA8BD6B00E38421 /* Products */;
			projectDirPath = "";
			projectRoot = "";
			targets = (
				44DFD5E42BA8BD6B00E38421 /* Multithreading */,
			);
		};
/* End PBXProject section */

/* Begin PBXResourcesBuildPhase section */
		44DFD5E32BA8BD6B00E38421 /* Resources */ = {
			isa = PBXResourcesBuildPhase;
			buildActionMask = 2147483647;
			files = (
				44DFD5F22BA8BD6C00E38421 /* Assets.xcassets in Resources */,
				44DFD5F52BA8BD6C00E38421 /* Base in Resources */,
			);
			runOnlyForDeploymentPostprocessing = 0;
		};
/* End PBXResourcesBuildPhase section */

/* Begin PBXSourcesBuildPhase section */
		44DFD5E12BA8BD6B00E38421 /* Sources */ = {
			isa = PBXSourcesBuildPhase;
			buildActionMask = 2147483647;
			files = (
				44DFD5FD2BA950B700E38421 /* SecondTaskController.swift in Sources */,
				44DFD5ED2BA8BD6B00E38421 /* firstTaskController.swift in Sources */,
				44F4D89F2BAEE97300F233AF /* Day4task1ViewController.swift in Sources */,
				44F4D89D2BAEE88C00F233AF /* Day3task5ViewController.swift in Sources */,
				44F4D8A32BAEEC8A00F233AF /* Day4task3ViewController.swift in Sources */,
				44F4D8992BAEE47E00F233AF /* Day3task3ViewController.swift in Sources */,
				44DFD5E92BA8BD6B00E38421 /* AppDelegate.swift in Sources */,
				44F4D89B2BAEE75C00F233AF /* Day3task4ViewController.swift in Sources */,
				44DFD5EB2BA8BD6B00E38421 /* SceneDelegate.swift in Sources */,
				441012512BAB4D1300DF28EA /* EightTaskController.swift in Sources */,
				44CF48852BAC887400285FB3 /* Day3task2Controller.swift in Sources */,
				4426792D2BAC8447005E72B2 /* Day3task1Controller.swift in Sources */,
				44CFD8582BAAA84C00F5CCAD /* FifthTaskController.swift in Sources */,
				4410124A2BAB3D4700DF28EA /* SixTaskController.swift in Sources */,
				44CFD8562BA9F00B00F5CCAD /* FourthTaskController.swift in Sources */,
				44F4D8A12BAEEA0B00F233AF /* Day4task2ViewController.swift in Sources */,
				44F4D8A52BAEEDEB00F233AF /* Day4task4ViewController.swift in Sources */,
				44CFD8542BA9E96600F5CCAD /* ThridTaskController.swift in Sources */,
			);
			runOnlyForDeploymentPostprocessing = 0;
		};
/* End PBXSourcesBuildPhase section */

/* Begin PBXVariantGroup section */
		44DFD5F32BA8BD6C00E38421 /* LaunchScreen.storyboard */ = {
			isa = PBXVariantGroup;
			children = (
				44DFD5F42BA8BD6C00E38421 /* Base */,
			);
			name = LaunchScreen.storyboard;
			sourceTree = "<group>";
		};
/* End PBXVariantGroup section */

/* Begin XCBuildConfiguration section */
		44DFD5F72BA8BD6C00E38421 /* Debug */ = {
			isa = XCBuildConfiguration;
			buildSettings = {
				ALWAYS_SEARCH_USER_PATHS = NO;
				ASSETCATALOG_COMPILER_GENERATE_SWIFT_ASSET_SYMBOL_EXTENSIONS = YES;
				CLANG_ANALYZER_NONNULL = YES;
				CLANG_ANALYZER_NUMBER_OBJECT_CONVERSION = YES_AGGRESSIVE;
				CLANG_CXX_LANGUAGE_STANDARD = "gnu++20";
				CLANG_ENABLE_MODULES = YES;
				CLANG_ENABLE_OBJC_ARC = YES;
				CLANG_ENABLE_OBJC_WEAK = YES;
				CLANG_WARN_BLOCK_CAPTURE_AUTORELEASING = YES;
				CLANG_WARN_BOOL_CONVERSION = YES;
				CLANG_WARN_COMMA = YES;
				CLANG_WARN_CONSTANT_CONVERSION = YES;
				CLANG_WARN_DEPRECATED_OBJC_IMPLEMENTATIONS = YES;
				CLANG_WARN_DIRECT_OBJC_ISA_USAGE = YES_ERROR;
				CLANG_WARN_DOCUMENTATION_COMMENTS = YES;
				CLANG_WARN_EMPTY_BODY = YES;
				CLANG_WARN_ENUM_CONVERSION = YES;
				CLANG_WARN_INFINITE_RECURSION = YES;
				CLANG_WARN_INT_CONVERSION = YES;
				CLANG_WARN_NON_LITERAL_NULL_CONVERSION = YES;
				CLANG_WARN_OBJC_IMPLICIT_RETAIN_SELF = YES;
				CLANG_WARN_OBJC_LITERAL_CONVERSION = YES;
				CLANG_WARN_OBJC_ROOT_CLASS = YES_ERROR;
				CLANG_WARN_QUOTED_INCLUDE_IN_FRAMEWORK_HEADER = YES;
				CLANG_WARN_RANGE_LOOP_ANALYSIS = YES;
				CLANG_WARN_STRICT_PROTOTYPES = YES;
				CLANG_WARN_SUSPICIOUS_MOVE = YES;
				CLANG_WARN_UNGUARDED_AVAILABILITY = YES_AGGRESSIVE;
				CLANG_WARN_UNREACHABLE_CODE = YES;
				CLANG_WARN__DUPLICATE_METHOD_MATCH = YES;
				COPY_PHASE_STRIP = NO;
				DEBUG_INFORMATION_FORMAT = dwarf;
				ENABLE_STRICT_OBJC_MSGSEND = YES;
				ENABLE_TESTABILITY = YES;
				ENABLE_USER_SCRIPT_SANDBOXING = YES;
				GCC_C_LANGUAGE_STANDARD = gnu17;
				GCC_DYNAMIC_NO_PIC = NO;
				GCC_NO_COMMON_BLOCKS = YES;
				GCC_OPTIMIZATION_LEVEL = 0;
				GCC_PREPROCESSOR_DEFINITIONS = (
					"DEBUG=1",
					"$(inherited)",
				);
				GCC_WARN_64_TO_32_BIT_CONVERSION = YES;
				GCC_WARN_ABOUT_RETURN_TYPE = YES_ERROR;
				GCC_WARN_UNDECLARED_SELECTOR = YES;
				GCC_WARN_UNINITIALIZED_AUTOS = YES_AGGRESSIVE;
				GCC_WARN_UNUSED_FUNCTION = YES;
				GCC_WARN_UNUSED_VARIABLE = YES;
				IPHONEOS_DEPLOYMENT_TARGET = 17.4;
				LOCALIZATION_PREFERS_STRING_CATALOGS = YES;
				MTL_ENABLE_DEBUG_INFO = INCLUDE_SOURCE;
				MTL_FAST_MATH = YES;
				ONLY_ACTIVE_ARCH = YES;
				SDKROOT = iphoneos;
				SWIFT_ACTIVE_COMPILATION_CONDITIONS = "DEBUG $(inherited)";
				SWIFT_OPTIMIZATION_LEVEL = "-Onone";
			};
			name = Debug;
		};
		44DFD5F82BA8BD6C00E38421 /* Release */ = {
			isa = XCBuildConfiguration;
			buildSettings = {
				ALWAYS_SEARCH_USER_PATHS = NO;
				ASSETCATALOG_COMPILER_GENERATE_SWIFT_ASSET_SYMBOL_EXTENSIONS = YES;
				CLANG_ANALYZER_NONNULL = YES;
				CLANG_ANALYZER_NUMBER_OBJECT_CONVERSION = YES_AGGRESSIVE;
				CLANG_CXX_LANGUAGE_STANDARD = "gnu++20";
				CLANG_ENABLE_MODULES = YES;
				CLANG_ENABLE_OBJC_ARC = YES;
				CLANG_ENABLE_OBJC_WEAK = YES;
				CLANG_WARN_BLOCK_CAPTURE_AUTORELEASING = YES;
				CLANG_WARN_BOOL_CONVERSION = YES;
				CLANG_WARN_COMMA = YES;
				CLANG_WARN_CONSTANT_CONVERSION = YES;
				CLANG_WARN_DEPRECATED_OBJC_IMPLEMENTATIONS = YES;
				CLANG_WARN_DIRECT_OBJC_ISA_USAGE = YES_ERROR;
				CLANG_WARN_DOCUMENTATION_COMMENTS = YES;
				CLANG_WARN_EMPTY_BODY = YES;
				CLANG_WARN_ENUM_CONVERSION = YES;
				CLANG_WARN_INFINITE_RECURSION = YES;
				CLANG_WARN_INT_CONVERSION = YES;
				CLANG_WARN_NON_LITERAL_NULL_CONVERSION = YES;
				CLANG_WARN_OBJC_IMPLICIT_RETAIN_SELF = YES;
				CLANG_WARN_OBJC_LITERAL_CONVERSION = YES;
				CLANG_WARN_OBJC_ROOT_CLASS = YES_ERROR;
				CLANG_WARN_QUOTED_INCLUDE_IN_FRAMEWORK_HEADER = YES;
				CLANG_WARN_RANGE_LOOP_ANALYSIS = YES;
				CLANG_WARN_STRICT_PROTOTYPES = YES;
				CLANG_WARN_SUSPICIOUS_MOVE = YES;
				CLANG_WARN_UNGUARDED_AVAILABILITY = YES_AGGRESSIVE;
				CLANG_WARN_UNREACHABLE_CODE = YES;
				CLANG_WARN__DUPLICATE_METHOD_MATCH = YES;
				COPY_PHASE_STRIP = NO;
				DEBUG_INFORMATION_FORMAT = "dwarf-with-dsym";
				ENABLE_NS_ASSERTIONS = NO;
				ENABLE_STRICT_OBJC_MSGSEND = YES;
				ENABLE_USER_SCRIPT_SANDBOXING = YES;
				GCC_C_LANGUAGE_STANDARD = gnu17;
				GCC_NO_COMMON_BLOCKS = YES;
				GCC_WARN_64_TO_32_BIT_CONVERSION = YES;
				GCC_WARN_ABOUT_RETURN_TYPE = YES_ERROR;
				GCC_WARN_UNDECLARED_SELECTOR = YES;
				GCC_WARN_UNINITIALIZED_AUTOS = YES_AGGRESSIVE;
				GCC_WARN_UNUSED_FUNCTION = YES;
				GCC_WARN_UNUSED_VARIABLE = YES;
				IPHONEOS_DEPLOYMENT_TARGET = 17.4;
				LOCALIZATION_PREFERS_STRING_CATALOGS = YES;
				MTL_ENABLE_DEBUG_INFO = NO;
				MTL_FAST_MATH = YES;
				SDKROOT = iphoneos;
				SWIFT_COMPILATION_MODE = wholemodule;
				VALIDATE_PRODUCT = YES;
			};
			name = Release;
		};
		44DFD5FA2BA8BD6C00E38421 /* Debug */ = {
			isa = XCBuildConfiguration;
			buildSettings = {
				ASSETCATALOG_COMPILER_APPICON_NAME = AppIcon;
				ASSETCATALOG_COMPILER_GLOBAL_ACCENT_COLOR_NAME = AccentColor;
				CODE_SIGN_STYLE = Automatic;
				CURRENT_PROJECT_VERSION = 1;
				GENERATE_INFOPLIST_FILE = YES;
				INFOPLIST_FILE = Multithreading/Info.plist;
				INFOPLIST_KEY_UIApplicationSupportsIndirectInputEvents = YES;
				INFOPLIST_KEY_UILaunchStoryboardName = LaunchScreen;
				INFOPLIST_KEY_UISupportedInterfaceOrientations_iPad = "UIInterfaceOrientationPortrait UIInterfaceOrientationPortraitUpsideDown UIInterfaceOrientationLandscapeLeft UIInterfaceOrientationLandscapeRight";
				INFOPLIST_KEY_UISupportedInterfaceOrientations_iPhone = "UIInterfaceOrientationPortrait UIInterfaceOrientationLandscapeLeft UIInterfaceOrientationLandscapeRight";
				LD_RUNPATH_SEARCH_PATHS = (
					"$(inherited)",
					"@executable_path/Frameworks",
				);
				MARKETING_VERSION = 1.0;
				PRODUCT_BUNDLE_IDENTIFIER = ruslan.Multithreading;
				PRODUCT_NAME = "$(TARGET_NAME)";
				SWIFT_EMIT_LOC_STRINGS = YES;
				SWIFT_VERSION = 5.0;
				TARGETED_DEVICE_FAMILY = "1,2";
			};
			name = Debug;
		};
		44DFD5FB2BA8BD6C00E38421 /* Release */ = {
			isa = XCBuildConfiguration;
			buildSettings = {
				ASSETCATALOG_COMPILER_APPICON_NAME = AppIcon;
				ASSETCATALOG_COMPILER_GLOBAL_ACCENT_COLOR_NAME = AccentColor;
				CODE_SIGN_STYLE = Automatic;
				CURRENT_PROJECT_VERSION = 1;
				GENERATE_INFOPLIST_FILE = YES;
				INFOPLIST_FILE = Multithreading/Info.plist;
				INFOPLIST_KEY_UIApplicationSupportsIndirectInputEvents = YES;
				INFOPLIST_KEY_UILaunchStoryboardName = LaunchScreen;
				INFOPLIST_KEY_UISupportedInterfaceOrientations_iPad = "UIInterfaceOrientationPortrait UIInterfaceOrientationPortraitUpsideDown UIInterfaceOrientationLandscapeLeft UIInterfaceOrientationLandscapeRight";
				INFOPLIST_KEY_UISupportedInterfaceOrientations_iPhone = "UIInterfaceOrientationPortrait UIInterfaceOrientationLandscapeLeft UIInterfaceOrientationLandscapeRight";
				LD_RUNPATH_SEARCH_PATHS = (
					"$(inherited)",
					"@executable_path/Frameworks",
				);
				MARKETING_VERSION = 1.0;
				PRODUCT_BUNDLE_IDENTIFIER = ruslan.Multithreading;
				PRODUCT_NAME = "$(TARGET_NAME)";
				SWIFT_EMIT_LOC_STRINGS = YES;
				SWIFT_VERSION = 5.0;
				TARGETED_DEVICE_FAMILY = "1,2";
			};
			name = Release;
		};
/* End XCBuildConfiguration section */

/* Begin XCConfigurationList section */
		44DFD5E02BA8BD6B00E38421 /* Build configuration list for PBXProject "Multithreading" */ = {
			isa = XCConfigurationList;
			buildConfigurations = (
				44DFD5F72BA8BD6C00E38421 /* Debug */,
				44DFD5F82BA8BD6C00E38421 /* Release */,
			);
			defaultConfigurationIsVisible = 0;
			defaultConfigurationName = Release;
		};
		44DFD5F92BA8BD6C00E38421 /* Build configuration list for PBXNativeTarget "Multithreading" */ = {
			isa = XCConfigurationList;
			buildConfigurations = (
				44DFD5FA2BA8BD6C00E38421 /* Debug */,
				44DFD5FB2BA8BD6C00E38421 /* Release */,
			);
			defaultConfigurationIsVisible = 0;
			defaultConfigurationName = Release;
		};
/* End XCConfigurationList section */
	};
	rootObject = 44DFD5DD2BA8BD6B00E38421 /* Project object */;
}
